// !$*UTF8*$!
{
	archiveVersion = 1;
	classes = {
	};
	objectVersion = 50;
	objects = {

/* Begin PBXBuildFile section */
		EA434E5C25BBB8DD0081976C /* AppDelegate.m in Sources */ = {isa = PBXBuildFile; fileRef = EA434E5B25BBB8DD0081976C /* AppDelegate.m */; };
		EA434E5F25BBB8DD0081976C /* SceneDelegate.m in Sources */ = {isa = PBXBuildFile; fileRef = EA434E5E25BBB8DD0081976C /* SceneDelegate.m */; };
		EA434E6225BBB8DD0081976C /* ViewController.m in Sources */ = {isa = PBXBuildFile; fileRef = EA434E6125BBB8DD0081976C /* ViewController.m */; };
		EA434E6525BBB8DD0081976C /* Main.storyboard in Resources */ = {isa = PBXBuildFile; fileRef = EA434E6325BBB8DD0081976C /* Main.storyboard */; };
		EA434E6725BBB8E30081976C /* Assets.xcassets in Resources */ = {isa = PBXBuildFile; fileRef = EA434E6625BBB8E30081976C /* Assets.xcassets */; };
		EA434E6A25BBB8E30081976C /* LaunchScreen.storyboard in Resources */ = {isa = PBXBuildFile; fileRef = EA434E6825BBB8E30081976C /* LaunchScreen.storyboard */; };
		EA434E6D25BBB8E30081976C /* main.m in Sources */ = {isa = PBXBuildFile; fileRef = EA434E6C25BBB8E30081976C /* main.m */; };
/* End PBXBuildFile section */

/* Begin PBXFileReference section */
		EA434E5725BBB8DD0081976C /* RunLoop-Demo.app */ = {isa = PBXFileReference; explicitFileType = wrapper.application; includeInIndex = 0; path = "RunLoop-Demo.app"; sourceTree = BUILT_PRODUCTS_DIR; };
		EA434E5A25BBB8DD0081976C /* AppDelegate.h */ = {isa = PBXFileReference; lastKnownFileType = sourcecode.c.h; path = AppDelegate.h; sourceTree = "<group>"; };
		EA434E5B25BBB8DD0081976C /* AppDelegate.m */ = {isa = PBXFileReference; lastKnownFileType = sourcecode.c.objc; path = AppDelegate.m; sourceTree = "<group>"; };
		EA434E5D25BBB8DD0081976C /* SceneDelegate.h */ = {isa = PBXFileReference; lastKnownFileType = sourcecode.c.h; path = SceneDelegate.h; sourceTree = "<group>"; };
		EA434E5E25BBB8DD0081976C /* SceneDelegate.m */ = {isa = PBXFileReference; lastKnownFileType = sourcecode.c.objc; path = SceneDelegate.m; sourceTree = "<group>"; };
		EA434E6025BBB8DD0081976C /* ViewController.h */ = {isa = PBXFileReference; lastKnownFileType = sourcecode.c.h; path = ViewController.h; sourceTree = "<group>"; };
		EA434E6125BBB8DD0081976C /* ViewController.m */ = {isa = PBXFileReference; lastKnownFileType = sourcecode.c.objc; path = ViewController.m; sourceTree = "<group>"; };
		EA434E6425BBB8DD0081976C /* Base */ = {isa = PBXFileReference; lastKnownFileType = file.storyboard; name = Base; path = Base.lproj/Main.storyboard; sourceTree = "<group>"; };
		EA434E6625BBB8E30081976C /* Assets.xcassets */ = {isa = PBXFileReference; lastKnownFileType = folder.assetcatalog; path = Assets.xcassets; sourceTree = "<group>"; };
		EA434E6925BBB8E30081976C /* Base */ = {isa = PBXFileReference; lastKnownFileType = file.storyboard; name = Base; path = Base.lproj/LaunchScreen.storyboard; sourceTree = "<group>"; };
		EA434E6B25BBB8E30081976C /* Info.plist */ = {isa = PBXFileReference; lastKnownFileType = text.plist.xml; path = Info.plist; sourceTree = "<group>"; };
		EA434E6C25BBB8E30081976C /* main.m */ = {isa = PBXFileReference; lastKnownFileType = sourcecode.c.objc; path = main.m; sourceTree = "<group>"; };
/* End PBXFileReference section */

/* Begin PBXFrameworksBuildPhase section */
		EA434E5425BBB8DD0081976C /* Frameworks */ = {
			isa = PBXFrameworksBuildPhase;
			buildActionMask = 2147483647;
			files = (
			);
			runOnlyForDeploymentPostprocessing = 0;
		};
/* End PBXFrameworksBuildPhase section */

/* Begin PBXGroup section */
		EA434E4E25BBB8DD0081976C = {
			isa = PBXGroup;
			children = (
				EA434E5925BBB8DD0081976C /* RunLoop-Demo */,
				EA434E5825BBB8DD0081976C /* Products */,
			);
			sourceTree = "<group>";
		};
		EA434E5825BBB8DD0081976C /* Products */ = {
			isa = PBXGroup;
			children = (
				EA434E5725BBB8DD0081976C /* RunLoop-Demo.app */,
			);
			name = Products;
			sourceTree = "<group>";
		};
		EA434E5925BBB8DD0081976C /* RunLoop-Demo */ = {
			isa = PBXGroup;
			children = (
				EA434E5A25BBB8DD0081976C /* AppDelegate.h */,
				EA434E5B25BBB8DD0081976C /* AppDelegate.m */,
				EA434E5D25BBB8DD0081976C /* SceneDelegate.h */,
				EA434E5E25BBB8DD0081976C /* SceneDelegate.m */,
				EA434E6025BBB8DD0081976C /* ViewController.h */,
				EA434E6125BBB8DD0081976C /* ViewController.m */,
				EA434E6325BBB8DD0081976C /* Main.storyboard */,
				EA434E6625BBB8E30081976C /* Assets.xcassets */,
				EA434E6825BBB8E30081976C /* LaunchScreen.storyboard */,
				EA434E6B25BBB8E30081976C /* Info.plist */,
				EA434E6C25BBB8E30081976C /* main.m */,
			);
			path = "RunLoop-Demo";
			sourceTree = "<group>";
		};
/* End PBXGroup section */

/* Begin PBXNativeTarget section */
		EA434E5625BBB8DD0081976C /* RunLoop-Demo */ = {
			isa = PBXNativeTarget;
			buildConfigurationList = EA434E7025BBB8E30081976C /* Build configuration list for PBXNativeTarget "RunLoop-Demo" */;
			buildPhases = (
				EA434E5325BBB8DD0081976C /* Sources */,
				EA434E5425BBB8DD0081976C /* Frameworks */,
				EA434E5525BBB8DD0081976C /* Resources */,
			);
			buildRules = (
			);
			dependencies = (
			);
			name = "RunLoop-Demo";
			productName = "RunLoop-Demo";
			productReference = EA434E5725BBB8DD0081976C /* RunLoop-Demo.app */;
			productType = "com.apple.product-type.application";
		};
/* End PBXNativeTarget section */

/* Begin PBXProject section */
		EA434E4F25BBB8DD0081976C /* Project object */ = {
			isa = PBXProject;
			attributes = {
				LastUpgradeCheck = 1170;
				ORGANIZATIONNAME = "Luo Wei";
				TargetAttributes = {
					EA434E5625BBB8DD0081976C = {
						CreatedOnToolsVersion = 11.7;
					};
				};
			};
			buildConfigurationList = EA434E5225BBB8DD0081976C /* Build configuration list for PBXProject "RunLoop-Demo" */;
			compatibilityVersion = "Xcode 9.3";
			developmentRegion = en;
			hasScannedForEncodings = 0;
			knownRegions = (
				en,
				Base,
			);
			mainGroup = EA434E4E25BBB8DD0081976C;
			productRefGroup = EA434E5825BBB8DD0081976C /* Products */;
			projectDirPath = "";
			projectRoot = "";
			targets = (
				EA434E5625BBB8DD0081976C /* RunLoop-Demo */,
			);
		};
/* End PBXProject section */

/* Begin PBXResourcesBuildPhase section */
		EA434E5525BBB8DD0081976C /* Resources */ = {
			isa = PBXResourcesBuildPhase;
			buildActionMask = 2147483647;
			files = (
				EA434E6A25BBB8E30081976C /* LaunchScreen.storyboard in Resources */,
				EA434E6725BBB8E30081976C /* Assets.xcassets in Resources */,
				EA434E6525BBB8DD0081976C /* Main.storyboard in Resources */,
			);
			runOnlyForDeploymentPostprocessing = 0;
		};
/* End PBXResourcesBuildPhase section */

/* Begin PBXSourcesBuildPhase section */
		EA434E5325BBB8DD0081976C /* Sources */ = {
			isa = PBXSourcesBuildPhase;
			buildActionMask = 2147483647;
			files = (
				EA434E6225BBB8DD0081976C /* ViewController.m in Sources */,
				EA434E5C25BBB8DD0081976C /* AppDelegate.m in Sources */,
				EA434E6D25BBB8E30081976C /* main.m in Sources */,
				EA434E5F25BBB8DD0081976C /* SceneDelegate.m in Sources */,
			);
			runOnlyForDeploymentPostprocessing = 0;
		};
/* End PBXSourcesBuildPhase section */

/* Begin PBXVariantGroup section */
		EA434E6325BBB8DD0081976C /* Main.storyboard */ = {
			isa = PBXVariantGroup;
			children = (
				EA434E6425BBB8DD0081976C /* Base */,
			);
			name = Main.storyboard;
			sourceTree = "<group>";
		};
		EA434E6825BBB8E30081976C /* LaunchScreen.storyboard */ = {
			isa = PBXVariantGroup;
			children = (
				EA434E6925BBB8E30081976C /* Base */,
			);
			name = LaunchScreen.storyboard;
			sourceTree = "<group>";
		};
/* End PBXVariantGroup section */

/* Begin XCBuildConfiguration section */
		EA434E6E25BBB8E30081976C /* Debug */ = {
			isa = XCBuildConfiguration;
			buildSettings = {
				ALWAYS_SEARCH_USER_PATHS = NO;
				CLANG_ANALYZER_NONNULL = YES;
				CLANG_ANALYZER_NUMBER_OBJECT_CONVERSION = YES_AGGRESSIVE;
				CLANG_CXX_LANGUAGE_STANDARD = "gnu++14";
				CLANG_CXX_LIBRARY = "libc++";
				CLANG_ENABLE_MODULES = YES;
				CLANG_ENABLE_OBJC_ARC = YES;
				CLANG_ENABLE_OBJC_WEAK = YES;
				CLANG_WARN_BLOCK_CAPTURE_AUTORELEASING = YES;
				CLANG_WARN_BOOL_CONVERSION = YES;
				CLANG_WARN_COMMA = YES;
				CLANG_WARN_CONSTANT_CONVERSION = YES;
				CLANG_WARN_DEPRECATED_OBJC_IMPLEMENTATIONS = YES;
				CLANG_WARN_DIRECT_OBJC_ISA_USAGE = YES_ERROR;
				CLANG_WARN_DOCUMENTATION_COMMENTS = YES;
				CLANG_WARN_EMPTY_BODY = YES;
				CLANG_WARN_ENUM_CONVERSION = YES;
				CLANG_WARN_INFINITE_RECURSION = YES;
				CLANG_WARN_INT_CONVERSION = YES;
				CLANG_WARN_NON_LITERAL_NULL_CONVERSION = YES;
				CLANG_WARN_OBJC_IMPLICIT_RETAIN_SELF = YES;
				CLANG_WARN_OBJC_LITERAL_CONVERSION = YES;
				CLANG_WARN_OBJC_ROOT_CLASS = YES_ERROR;
				CLANG_WARN_RANGE_LOOP_ANALYSIS = YES;
				CLANG_WARN_STRICT_PROTOTYPES = YES;
				CLANG_WARN_SUSPICIOUS_MOVE = YES;
				CLANG_WARN_UNGUARDED_AVAILABILITY = YES_AGGRESSIVE;
				CLANG_WARN_UNREACHABLE_CODE = YES;
				CLANG_WARN__DUPLICATE_METHOD_MATCH = YES;
				COPY_PHASE_STRIP = NO;
				DEBUG_INFORMATION_FORMAT = dwarf;
				ENABLE_STRICT_OBJC_MSGSEND = YES;
				ENABLE_TESTABILITY = YES;
				GCC_C_LANGUAGE_STANDARD = gnu11;
				GCC_DYNAMIC_NO_PIC = NO;
				GCC_NO_COMMON_BLOCKS = YES;
				GCC_OPTIMIZATION_LEVEL = 0;
				GCC_PREPROCESSOR_DEFINITIONS = (
					"DEBUG=1",
					"$(inherited)",
				);
				GCC_WARN_64_TO_32_BIT_CONVERSION = YES;
				GCC_WARN_ABOUT_RETURN_TYPE = YES_ERROR;
				GCC_WARN_UNDECLARED_SELECTOR = YES;
				GCC_WARN_UNINITIALIZED_AUTOS = YES_AGGRESSIVE;
				GCC_WARN_UNUSED_FUNCTION = YES;
				GCC_WARN_UNUSED_VARIABLE = YES;
				IPHONEOS_DEPLOYMENT_TARGET = 13.7;
				MTL_ENABLE_DEBUG_INFO = INCLUDE_SOURCE;
				MTL_FAST_MATH = YES;
				ONLY_ACTIVE_ARCH = YES;
				SDKROOT = iphoneos;
			};
			name = Debug;
		};
		EA434E6F25BBB8E30081976C /* Release */ = {
			isa = XCBuildConfiguration;
			buildSettings = {
				ALWAYS_SEARCH_USER_PATHS = NO;
				CLANG_ANALYZER_NONNULL = YES;
				CLANG_ANALYZER_NUMBER_OBJECT_CONVERSION = YES_AGGRESSIVE;
				CLANG_CXX_LANGUAGE_STANDARD = "gnu++14";
				CLANG_CXX_LIBRARY = "libc++";
				CLANG_ENABLE_MODULES = YES;
				CLANG_ENABLE_OBJC_ARC = YES;
				CLANG_ENABLE_OBJC_WEAK = YES;
				CLANG_WARN_BLOCK_CAPTURE_AUTORELEASING = YES;
				CLANG_WARN_BOOL_CONVERSION = YES;
				CLANG_WARN_COMMA = YES;
				CLANG_WARN_CONSTANT_CONVERSION = YES;
				CLANG_WARN_DEPRECATED_OBJC_IMPLEMENTATIONS = YES;
				CLANG_WARN_DIRECT_OBJC_ISA_USAGE = YES_ERROR;
				CLANG_WARN_DOCUMENTATION_COMMENTS = YES;
				CLANG_WARN_EMPTY_BODY = YES;
				CLANG_WARN_ENUM_CONVERSION = YES;
				CLANG_WARN_INFINITE_RECURSION = YES;
				CLANG_WARN_INT_CONVERSION = YES;
				CLANG_WARN_NON_LITERAL_NULL_CONVERSION = YES;
				CLANG_WARN_OBJC_IMPLICIT_RETAIN_SELF = YES;
				CLANG_WARN_OBJC_LITERAL_CONVERSION = YES;
				CLANG_WARN_OBJC_ROOT_CLASS = YES_ERROR;
				CLANG_WARN_RANGE_LOOP_ANALYSIS = YES;
				CLANG_WARN_STRICT_PROTOTYPES = YES;
				CLANG_WARN_SUSPICIOUS_MOVE = YES;
				CLANG_WARN_UNGUARDED_AVAILABILITY = YES_AGGRESSIVE;
				CLANG_WARN_UNREACHABLE_CODE = YES;
				CLANG_WARN__DUPLICATE_METHOD_MATCH = YES;
				COPY_PHASE_STRIP = NO;
				DEBUG_INFORMATION_FORMAT = "dwarf-with-dsym";
				ENABLE_NS_ASSERTIONS = NO;
				ENABLE_STRICT_OBJC_MSGSEND = YES;
				GCC_C_LANGUAGE_STANDARD = gnu11;
				GCC_NO_COMMON_BLOCKS = YES;
				GCC_WARN_64_TO_32_BIT_CONVERSION = YES;
				GCC_WARN_ABOUT_RETURN_TYPE = YES_ERROR;
				GCC_WARN_UNDECLARED_SELECTOR = YES;
				GCC_WARN_UNINITIALIZED_AUTOS = YES_AGGRESSIVE;
				GCC_WARN_UNUSED_FUNCTION = YES;
				GCC_WARN_UNUSED_VARIABLE = YES;
				IPHONEOS_DEPLOYMENT_TARGET = 13.7;
				MTL_ENABLE_DEBUG_INFO = NO;
				MTL_FAST_MATH = YES;
				SDKROOT = iphoneos;
				VALIDATE_PRODUCT = YES;
			};
			name = Release;
		};
		EA434E7125BBB8E30081976C /* Debug */ = {
			isa = XCBuildConfiguration;
			buildSettings = {
				ASSETCATALOG_COMPILER_APPICON_NAME = AppIcon;
				CODE_SIGN_STYLE = Automatic;
				DEVELOPMENT_TEAM = G3A2KYKYBU;
				INFOPLIST_FILE = "RunLoop-Demo/Info.plist";
				LD_RUNPATH_SEARCH_PATHS = (
					"$(inherited)",
					"@executable_path/Frameworks",
				);
				PRODUCT_BUNDLE_IDENTIFIER = "com.test.RunLoop-Demo";
				PRODUCT_NAME = "$(TARGET_NAME)";
				TARGETED_DEVICE_FAMILY = "1,2";
			};
			name = Debug;
		};
		EA434E7225BBB8E30081976C /* Release */ = {
			isa = XCBuildConfiguration;
			buildSettings = {
				ASSETCATALOG_COMPILER_APPICON_NAME = AppIcon;
				CODE_SIGN_STYLE = Automatic;
				DEVELOPMENT_TEAM = G3A2KYKYBU;
				INFOPLIST_FILE = "RunLoop-Demo/Info.plist";
				LD_RUNPATH_SEARCH_PATHS = (
					"$(inherited)",
					"@executable_path/Frameworks",
				);
				PRODUCT_BUNDLE_IDENTIFIER = "com.test.RunLoop-Demo";
				PRODUCT_NAME = "$(TARGET_NAME)";
				TARGETED_DEVICE_FAMILY = "1,2";
			};
			name = Release;
		};
/* End XCBuildConfiguration section */

/* Begin XCConfigurationList section */
		EA434E5225BBB8DD0081976C /* Build configuration list for PBXProject "RunLoop-Demo" */ = {
			isa = XCConfigurationList;
			buildConfigurations = (
				EA434E6E25BBB8E30081976C /* Debug */,
				EA434E6F25BBB8E30081976C /* Release */,
			);
			defaultConfigurationIsVisible = 0;
			defaultConfigurationName = Release;
		};
		EA434E7025BBB8E30081976C /* Build configuration list for PBXNativeTarget "RunLoop-Demo" */ = {
			isa = XCConfigurationList;
			buildConfigurations = (
				EA434E7125BBB8E30081976C /* Debug */,
				EA434E7225BBB8E30081976C /* Release */,
			);
			defaultConfigurationIsVisible = 0;
			defaultConfigurationName = Release;
		};
/* End XCConfigurationList section */
	};
	rootObject = EA434E4F25BBB8DD0081976C /* Project object */;
}
